
Microsoft Visual Studio Solution File, Format Version 12.00
# Visual Studio 15
VisualStudioVersion = 15.0.26730.16
MinimumVisualStudioVersion = 10.0.40219.1
Project("{FAE04EC0-301F-11D3-BF4B-00C04F79EFBC}") = "MyAlbumEditor", "MyAlbumEditor\MyAlbumEditor.csproj", "{8CD22041-493E-49A3-B84D-F493EBF5F3E2}"
EndProject
Project("{FAE04EC0-301F-11D3-BF4B-00C04F79EFBC}") = "MyPhotoAlbum", "..\MyPhotos\MyPhotoAlbum\MyPhotoAlbum.csproj", "{667380D3-0BE0-4C1C-BFD6-8E2C9BBD5F54}"
EndProject
Project("{FAE04EC0-301F-11D3-BF4B-00C04F79EFBC}") = "MyPhotoControls", "..\MyPhotoControls\MyPhotoControls.csproj", "{F3B80B69-FBE1-47DB-B296-44B3E8B68BE5}"
EndProject
Global
	GlobalSection(SolutionConfigurationPlatforms) = preSolution
		Debug|Any CPU = Debug|Any CPU
		Release|Any CPU = Release|Any CPU
	EndGlobalSection
	GlobalSection(ProjectConfigurationPlatforms) = postSolution
		{8CD22041-493E-49A3-B84D-F493EBF5F3E2}.Debug|Any CPU.ActiveCfg = Debug|Any CPU
		{8CD22041-493E-49A3-B84D-F493EBF5F3E2}.Debug|Any CPU.Build.0 = Debug|Any CPU
		{8CD22041-493E-49A3-B84D-F493EBF5F3E2}.Release|Any CPU.ActiveCfg = Release|Any CPU
		{8CD22041-493E-49A3-B84D-F493EBF5F3E2}.Release|Any CPU.Build.0 = Release|Any CPU
		{667380D3-0BE0-4C1C-BFD6-8E2C9BBD5F54}.Debug|Any CPU.ActiveCfg = Debug|Any CPU
		{667380D3-0BE0-4C1C-BFD6-8E2C9BBD5F54}.Debug|Any CPU.Build.0 = Debug|Any CPU
		{667380D3-0BE0-4C1C-BFD6-8E2C9BBD5F54}.Release|Any CPU.ActiveCfg = Release|Any CPU
		{667380D3-0BE0-4C1C-BFD6-8E2C9BBD5F54}.Release|Any CPU.Build.0 = Release|Any CPU
		{F3B80B69-FBE1-47DB-B296-44B3E8B68BE5}.Debug|Any CPU.ActiveCfg = Debug|Any CPU
		{F3B80B69-FBE1-47DB-B296-44B3E8B68BE5}.Debug|Any CPU.Build.0 = Debug|Any CPU
		{F3B80B69-FBE1-47DB-B296-44B3E8B68BE5}.Release|Any CPU.ActiveCfg = Release|Any CPU
		{F3B80B69-FBE1-47DB-B296-44B3E8B68BE5}.Release|Any CPU.Build.0 = Release|Any CPU
	EndGlobalSection
	GlobalSection(SolutionProperties) = preSolution
		HideSolutionNode = FALSE
	EndGlobalSection
	GlobalSection(ExtensibilityGlobals) = postSolution
		SolutionGuid = {B706FDB6-35DD-4B8D-9202-576448CF5BA4}
	EndGlobalSection
EndGlobal
